
Microsoft Visual Studio Solution File, Format Version 12.00
# Visual Studio 15
VisualStudioVersion = 15.0.27004.2009
MinimumVisualStudioVersion = 10.0.40219.1
Project("{FAE04EC0-301F-11D3-BF4B-00C04F79EFBC}") = "Anagram", "Anagram\Anagram.csproj", "{318596E5-91A2-4797-A5BF-A0B887D7DD91}"
EndProject
Global
	GlobalSection(SolutionConfigurationPlatforms) = preSolution
		Debug|Any CPU = Debug|Any CPU
		Release|Any CPU = Release|Any CPU
	EndGlobalSection
	GlobalSection(ProjectConfigurationPlatforms) = postSolution
		{318596E5-91A2-4797-A5BF-A0B887D7DD91}.Debug|Any CPU.ActiveCfg = Debug|Any CPU
		{318596E5-91A2-4797-A5BF-A0B887D7DD91}.Debug|Any CPU.Build.0 = Debug|Any CPU
		{318596E5-91A2-4797-A5BF-A0B887D7DD91}.Release|Any CPU.ActiveCfg = Release|Any CPU
		{318596E5-91A2-4797-A5BF-A0B887D7DD91}.Release|Any CPU.Build.0 = Release|Any CPU
	EndGlobalSection
	GlobalSection(SolutionProperties) = preSolution
		HideSolutionNode = FALSE
	EndGlobalSection
	GlobalSection(ExtensibilityGlobals) = postSolution
		SolutionGuid = {DFACE399-A559-4F2D-8613-3E2E789CFBFF}
	EndGlobalSection
EndGlobal
